
Microsoft Visual Studio Solution File, Format Version 12.00
# Visual Studio Version 17
VisualStudioVersion = 17.10.35027.167
MinimumVisualStudioVersion = 10.0.40219.1
Project("{FAE04EC0-301F-11D3-BF4B-00C04F79EFBC}") = "IdentityandDataProtection", "IdentityandDataProtection\IdentityandDataProtection.csproj", "{14E8ABBE-1EDC-48D9-9FF5-EE9B95FB8D38}"
EndProject
Global
	GlobalSection(SolutionConfigurationPlatforms) = preSolution
		Debug|Any CPU = Debug|Any CPU
		Release|Any CPU = Release|Any CPU
	EndGlobalSection
	GlobalSection(ProjectConfigurationPlatforms) = postSolution
		{14E8ABBE-1EDC-48D9-9FF5-EE9B95FB8D38}.Debug|Any CPU.ActiveCfg = Debug|Any CPU
		{14E8ABBE-1EDC-48D9-9FF5-EE9B95FB8D38}.Debug|Any CPU.Build.0 = Debug|Any CPU
		{14E8ABBE-1EDC-48D9-9FF5-EE9B95FB8D38}.Release|Any CPU.ActiveCfg = Release|Any CPU
		{14E8ABBE-1EDC-48D9-9FF5-EE9B95FB8D38}.Release|Any CPU.Build.0 = Release|Any CPU
	EndGlobalSection
	GlobalSection(SolutionProperties) = preSolution
		HideSolutionNode = FALSE
	EndGlobalSection
	GlobalSection(ExtensibilityGlobals) = postSolution
		SolutionGuid = {C5D697BA-BDA0-4B1F-9724-7A8AA5DE11FC}
	EndGlobalSection
EndGlobal
